
Microsoft Visual Studio Solution File, Format Version 12.00
# Visual Studio Version 17
VisualStudioVersion = 17.11.35222.181
MinimumVisualStudioVersion = 10.0.40219.1
Project("{FAE04EC0-301F-11D3-BF4B-00C04F79EFBC}") = "ControlToolTips", "ControlToolTips\ControlToolTips.csproj", "{38376073-5C59-4696-ABAA-ACA28A8AB122}"
EndProject
Project("{FAE04EC0-301F-11D3-BF4B-00C04F79EFBC}") = "TabOrder", "TabOrder\TabOrder.csproj", "{89378195-6920-47B0-AC12-8F84838081FB}"
EndProject
Global
	GlobalSection(SolutionConfigurationPlatforms) = preSolution
		Debug|Any CPU = Debug|Any CPU
		Release|Any CPU = Release|Any CPU
	EndGlobalSection
	GlobalSection(ProjectConfigurationPlatforms) = postSolution
		{38376073-5C59-4696-ABAA-ACA28A8AB122}.Debug|Any CPU.ActiveCfg = Debug|Any CPU
		{38376073-5C59-4696-ABAA-ACA28A8AB122}.Debug|Any CPU.Build.0 = Debug|Any CPU
		{38376073-5C59-4696-ABAA-ACA28A8AB122}.Release|Any CPU.ActiveCfg = Release|Any CPU
		{38376073-5C59-4696-ABAA-ACA28A8AB122}.Release|Any CPU.Build.0 = Release|Any CPU
		{89378195-6920-47B0-AC12-8F84838081FB}.Debug|Any CPU.ActiveCfg = Debug|Any CPU
		{89378195-6920-47B0-AC12-8F84838081FB}.Debug|Any CPU.Build.0 = Debug|Any CPU
		{89378195-6920-47B0-AC12-8F84838081FB}.Release|Any CPU.ActiveCfg = Release|Any CPU
		{89378195-6920-47B0-AC12-8F84838081FB}.Release|Any CPU.Build.0 = Release|Any CPU
	EndGlobalSection
	GlobalSection(SolutionProperties) = preSolution
		HideSolutionNode = FALSE
	EndGlobalSection
	GlobalSection(ExtensibilityGlobals) = postSolution
		SolutionGuid = {5F553EAB-FB4B-4010-890C-664FB11FDB61}
	EndGlobalSection
EndGlobal
