
Microsoft Visual Studio Solution File, Format Version 12.00
# Visual Studio Version 17
VisualStudioVersion = 17.11.35222.181
MinimumVisualStudioVersion = 10.0.40219.1
Project("{FAE04EC0-301F-11D3-BF4B-00C04F79EFBC}") = "UserControl", "UserControl\UserControl.csproj", "{0B1BCF13-B51C-4DFF-BC4A-DBC63D9A1E48}"
EndProject
Global
	GlobalSection(SolutionConfigurationPlatforms) = preSolution
		Debug|Any CPU = Debug|Any CPU
		Release|Any CPU = Release|Any CPU
	EndGlobalSection
	GlobalSection(ProjectConfigurationPlatforms) = postSolution
		{0B1BCF13-B51C-4DFF-BC4A-DBC63D9A1E48}.Debug|Any CPU.ActiveCfg = Debug|Any CPU
		{0B1BCF13-B51C-4DFF-BC4A-DBC63D9A1E48}.Debug|Any CPU.Build.0 = Debug|Any CPU
		{0B1BCF13-B51C-4DFF-BC4A-DBC63D9A1E48}.Release|Any CPU.ActiveCfg = Release|Any CPU
		{0B1BCF13-B51C-4DFF-BC4A-DBC63D9A1E48}.Release|Any CPU.Build.0 = Release|Any CPU
	EndGlobalSection
	GlobalSection(SolutionProperties) = preSolution
		HideSolutionNode = FALSE
	EndGlobalSection
	GlobalSection(ExtensibilityGlobals) = postSolution
		SolutionGuid = {146EF198-5726-497F-BEF1-F56F4F70DFA3}
	EndGlobalSection
EndGlobal
